// !$*UTF8*$!
{
	archiveVersion = 1;
	classes = {
	};
	objectVersion = 55;
	objects = {

/* Begin PBXBuildFile section */
		7B260BA62772EB7E00375DEB /* SwiftUIChallengeApp.swift in Sources */ = {isa = PBXBuildFile; fileRef = 7B260BA52772EB7E00375DEB /* SwiftUIChallengeApp.swift */; };
		7B260BA82772EB7E00375DEB /* ContentView.swift in Sources */ = {isa = PBXBuildFile; fileRef = 7B260BA72772EB7E00375DEB /* ContentView.swift */; };
		7B260BAA2772EB8300375DEB /* Assets.xcassets in Resources */ = {isa = PBXBuildFile; fileRef = 7B260BA92772EB8300375DEB /* Assets.xcassets */; };
		7B260BAD2772EB8300375DEB /* Preview Assets.xcassets in Resources */ = {isa = PBXBuildFile; fileRef = 7B260BAC2772EB8300375DEB /* Preview Assets.xcassets */; };
		7B260BC12773068900375DEB /* Roboto-LightItalic.ttf in Resources */ = {isa = PBXBuildFile; fileRef = 7B260BB52773068700375DEB /* Roboto-LightItalic.ttf */; };
		7B260BC22773068900375DEB /* Roboto-BoldItalic.ttf in Resources */ = {isa = PBXBuildFile; fileRef = 7B260BB62773068700375DEB /* Roboto-BoldItalic.ttf */; };
		7B260BC32773068900375DEB /* Roboto-Medium.ttf in Resources */ = {isa = PBXBuildFile; fileRef = 7B260BB72773068700375DEB /* Roboto-Medium.ttf */; };
		7B260BC42773068900375DEB /* Roboto-MediumItalic.ttf in Resources */ = {isa = PBXBuildFile; fileRef = 7B260BB82773068800375DEB /* Roboto-MediumItalic.ttf */; };
		7B260BC52773068900375DEB /* Roboto-Bold.ttf in Resources */ = {isa = PBXBuildFile; fileRef = 7B260BB92773068800375DEB /* Roboto-Bold.ttf */; };
		7B260BC62773068900375DEB /* Roboto-Regular.ttf in Resources */ = {isa = PBXBuildFile; fileRef = 7B260BBA2773068800375DEB /* Roboto-Regular.ttf */; };
		7B260BC72773068900375DEB /* Roboto-Light.ttf in Resources */ = {isa = PBXBuildFile; fileRef = 7B260BBB2773068800375DEB /* Roboto-Light.ttf */; };
		7B260BC82773068900375DEB /* Roboto-ThinItalic.ttf in Resources */ = {isa = PBXBuildFile; fileRef = 7B260BBC2773068800375DEB /* Roboto-ThinItalic.ttf */; };
		7B260BC92773068900375DEB /* Roboto-Italic.ttf in Resources */ = {isa = PBXBuildFile; fileRef = 7B260BBD2773068800375DEB /* Roboto-Italic.ttf */; };
		7B260BCA2773068900375DEB /* Roboto-Thin.ttf in Resources */ = {isa = PBXBuildFile; fileRef = 7B260BBE2773068800375DEB /* Roboto-Thin.ttf */; };
		7B260BCB2773068900375DEB /* Roboto-BlackItalic.ttf in Resources */ = {isa = PBXBuildFile; fileRef = 7B260BBF2773068900375DEB /* Roboto-BlackItalic.ttf */; };
		7B260BCC2773068900375DEB /* Roboto-Black.ttf in Resources */ = {isa = PBXBuildFile; fileRef = 7B260BC02773068900375DEB /* Roboto-Black.ttf */; };
		7B260BCF2773072A00375DEB /* OoohBaby-Regular.ttf in Resources */ = {isa = PBXBuildFile; fileRef = 7B260BCE2773072A00375DEB /* OoohBaby-Regular.ttf */; };
		7B260BD12773196F00375DEB /* InfoView.swift in Sources */ = {isa = PBXBuildFile; fileRef = 7B260BD02773196F00375DEB /* InfoView.swift */; };
/* End PBXBuildFile section */

/* Begin PBXFileReference section */
		7B260BA22772EB7E00375DEB /* SwiftUIChallenge.app */ = {isa = PBXFileReference; explicitFileType = wrapper.application; includeInIndex = 0; path = SwiftUIChallenge.app; sourceTree = BUILT_PRODUCTS_DIR; };
		7B260BA52772EB7E00375DEB /* SwiftUIChallengeApp.swift */ = {isa = PBXFileReference; lastKnownFileType = sourcecode.swift; path = SwiftUIChallengeApp.swift; sourceTree = "<group>"; };
		7B260BA72772EB7E00375DEB /* ContentView.swift */ = {isa = PBXFileReference; lastKnownFileType = sourcecode.swift; path = ContentView.swift; sourceTree = "<group>"; };
		7B260BA92772EB8300375DEB /* Assets.xcassets */ = {isa = PBXFileReference; lastKnownFileType = folder.assetcatalog; path = Assets.xcassets; sourceTree = "<group>"; };
		7B260BAC2772EB8300375DEB /* Preview Assets.xcassets */ = {isa = PBXFileReference; lastKnownFileType = folder.assetcatalog; path = "Preview Assets.xcassets"; sourceTree = "<group>"; };
		7B260BB52773068700375DEB /* Roboto-LightItalic.ttf */ = {isa = PBXFileReference; lastKnownFileType = file; path = "Roboto-LightItalic.ttf"; sourceTree = "<group>"; };
		7B260BB62773068700375DEB /* Roboto-BoldItalic.ttf */ = {isa = PBXFileReference; lastKnownFileType = file; path = "Roboto-BoldItalic.ttf"; sourceTree = "<group>"; };
		7B260BB72773068700375DEB /* Roboto-Medium.ttf */ = {isa = PBXFileReference; lastKnownFileType = file; path = "Roboto-Medium.ttf"; sourceTree = "<group>"; };
		7B260BB82773068800375DEB /* Roboto-MediumItalic.ttf */ = {isa = PBXFileReference; lastKnownFileType = file; path = "Roboto-MediumItalic.ttf"; sourceTree = "<group>"; };
		7B260BB92773068800375DEB /* Roboto-Bold.ttf */ = {isa = PBXFileReference; lastKnownFileType = file; path = "Roboto-Bold.ttf"; sourceTree = "<group>"; };
		7B260BBA2773068800375DEB /* Roboto-Regular.ttf */ = {isa = PBXFileReference; lastKnownFileType = file; path = "Roboto-Regular.ttf"; sourceTree = "<group>"; };
		7B260BBB2773068800375DEB /* Roboto-Light.ttf */ = {isa = PBXFileReference; lastKnownFileType = file; path = "Roboto-Light.ttf"; sourceTree = "<group>"; };
		7B260BBC2773068800375DEB /* Roboto-ThinItalic.ttf */ = {isa = PBXFileReference; lastKnownFileType = file; path = "Roboto-ThinItalic.ttf"; sourceTree = "<group>"; };
		7B260BBD2773068800375DEB /* Roboto-Italic.ttf */ = {isa = PBXFileReference; lastKnownFileType = file; path = "Roboto-Italic.ttf"; sourceTree = "<group>"; };
		7B260BBE2773068800375DEB /* Roboto-Thin.ttf */ = {isa = PBXFileReference; lastKnownFileType = file; path = "Roboto-Thin.ttf"; sourceTree = "<group>"; };
		7B260BBF2773068900375DEB /* Roboto-BlackItalic.ttf */ = {isa = PBXFileReference; lastKnownFileType = file; path = "Roboto-BlackItalic.ttf"; sourceTree = "<group>"; };
		7B260BC02773068900375DEB /* Roboto-Black.ttf */ = {isa = PBXFileReference; lastKnownFileType = file; path = "Roboto-Black.ttf"; sourceTree = "<group>"; };
		7B260BCD277306DD00375DEB /* Info.plist */ = {isa = PBXFileReference; lastKnownFileType = text.plist; path = Info.plist; sourceTree = "<group>"; };
		7B260BCE2773072A00375DEB /* OoohBaby-Regular.ttf */ = {isa = PBXFileReference; lastKnownFileType = file; path = "OoohBaby-Regular.ttf"; sourceTree = "<group>"; };
		7B260BD02773196F00375DEB /* InfoView.swift */ = {isa = PBXFileReference; lastKnownFileType = sourcecode.swift; path = InfoView.swift; sourceTree = "<group>"; };
/* End PBXFileReference section */

/* Begin PBXFrameworksBuildPhase section */
		7B260B9F2772EB7E00375DEB /* Frameworks */ = {
			isa = PBXFrameworksBuildPhase;
			buildActionMask = 2147483647;
			files = (
			);
			runOnlyForDeploymentPostprocessing = 0;
		};
/* End PBXFrameworksBuildPhase section */

/* Begin PBXGroup section */
		7B260B992772EB7E00375DEB = {
			isa = PBXGroup;
			children = (
				7B260BA42772EB7E00375DEB /* SwiftUIChallenge */,
				7B260BA32772EB7E00375DEB /* Products */,
			);
			sourceTree = "<group>";
		};
		7B260BA32772EB7E00375DEB /* Products */ = {
			isa = PBXGroup;
			children = (
				7B260BA22772EB7E00375DEB /* SwiftUIChallenge.app */,
			);
			name = Products;
			sourceTree = "<group>";
		};
		7B260BA42772EB7E00375DEB /* SwiftUIChallenge */ = {
			isa = PBXGroup;
			children = (
				7B260BCD277306DD00375DEB /* Info.plist */,
				7B260BB42773066B00375DEB /* Fonts */,
				7B260BA52772EB7E00375DEB /* SwiftUIChallengeApp.swift */,
				7B260BD02773196F00375DEB /* InfoView.swift */,
				7B260BA72772EB7E00375DEB /* ContentView.swift */,
				7B260BA92772EB8300375DEB /* Assets.xcassets */,
				7B260BAB2772EB8300375DEB /* Preview Content */,
			);
			path = SwiftUIChallenge;
			sourceTree = "<group>";
		};
		7B260BAB2772EB8300375DEB /* Preview Content */ = {
			isa = PBXGroup;
			children = (
				7B260BAC2772EB8300375DEB /* Preview Assets.xcassets */,
			);
			path = "Preview Content";
			sourceTree = "<group>";
		};
		7B260BB42773066B00375DEB /* Fonts */ = {
			isa = PBXGroup;
			children = (
				7B260BCE2773072A00375DEB /* OoohBaby-Regular.ttf */,
				7B260BC02773068900375DEB /* Roboto-Black.ttf */,
				7B260BBF2773068900375DEB /* Roboto-BlackItalic.ttf */,
				7B260BB92773068800375DEB /* Roboto-Bold.ttf */,
				7B260BB62773068700375DEB /* Roboto-BoldItalic.ttf */,
				7B260BBD2773068800375DEB /* Roboto-Italic.ttf */,
				7B260BBB2773068800375DEB /* Roboto-Light.ttf */,
				7B260BB52773068700375DEB /* Roboto-LightItalic.ttf */,
				7B260BB72773068700375DEB /* Roboto-Medium.ttf */,
				7B260BB82773068800375DEB /* Roboto-MediumItalic.ttf */,
				7B260BBA2773068800375DEB /* Roboto-Regular.ttf */,
				7B260BBE2773068800375DEB /* Roboto-Thin.ttf */,
				7B260BBC2773068800375DEB /* Roboto-ThinItalic.ttf */,
			);
			path = Fonts;
			sourceTree = "<group>";
		};
/* End PBXGroup section */

/* Begin PBXNativeTarget section */
		7B260BA12772EB7E00375DEB /* SwiftUIChallenge */ = {
			isa = PBXNativeTarget;
			buildConfigurationList = 7B260BB02772EB8300375DEB /* Build configuration list for PBXNativeTarget "SwiftUIChallenge" */;
			buildPhases = (
				7B260B9E2772EB7E00375DEB /* Sources */,
				7B260B9F2772EB7E00375DEB /* Frameworks */,
				7B260BA02772EB7E00375DEB /* Resources */,
			);
			buildRules = (
			);
			dependencies = (
			);
			name = SwiftUIChallenge;
			productName = SwiftUIChallenge;
			productReference = 7B260BA22772EB7E00375DEB /* SwiftUIChallenge.app */;
			productType = "com.apple.product-type.application";
		};
/* End PBXNativeTarget section */

/* Begin PBXProject section */
		7B260B9A2772EB7E00375DEB /* Project object */ = {
			isa = PBXProject;
			attributes = {
				BuildIndependentTargetsInParallel = 1;
				LastSwiftUpdateCheck = 1300;
				LastUpgradeCheck = 1300;
				TargetAttributes = {
					7B260BA12772EB7E00375DEB = {
						CreatedOnToolsVersion = 13.0;
					};
				};
			};
			buildConfigurationList = 7B260B9D2772EB7E00375DEB /* Build configuration list for PBXProject "SwiftUIChallenge" */;
			compatibilityVersion = "Xcode 13.0";
			developmentRegion = en;
			hasScannedForEncodings = 0;
			knownRegions = (
				en,
				Base,
			);
			mainGroup = 7B260B992772EB7E00375DEB;
			productRefGroup = 7B260BA32772EB7E00375DEB /* Products */;
			projectDirPath = "";
			projectRoot = "";
			targets = (
				7B260BA12772EB7E00375DEB /* SwiftUIChallenge */,
			);
		};
/* End PBXProject section */

/* Begin PBXResourcesBuildPhase section */
		7B260BA02772EB7E00375DEB /* Resources */ = {
			isa = PBXResourcesBuildPhase;
			buildActionMask = 2147483647;
			files = (
				7B260BC82773068900375DEB /* Roboto-ThinItalic.ttf in Resources */,
				7B260BC52773068900375DEB /* Roboto-Bold.ttf in Resources */,
				7B260BC32773068900375DEB /* Roboto-Medium.ttf in Resources */,
				7B260BC62773068900375DEB /* Roboto-Regular.ttf in Resources */,
				7B260BAD2772EB8300375DEB /* Preview Assets.xcassets in Resources */,
				7B260BCF2773072A00375DEB /* OoohBaby-Regular.ttf in Resources */,
				7B260BAA2772EB8300375DEB /* Assets.xcassets in Resources */,
				7B260BCB2773068900375DEB /* Roboto-BlackItalic.ttf in Resources */,
				7B260BC22773068900375DEB /* Roboto-BoldItalic.ttf in Resources */,
				7B260BC42773068900375DEB /* Roboto-MediumItalic.ttf in Resources */,
				7B260BCA2773068900375DEB /* Roboto-Thin.ttf in Resources */,
				7B260BC12773068900375DEB /* Roboto-LightItalic.ttf in Resources */,
				7B260BCC2773068900375DEB /* Roboto-Black.ttf in Resources */,
				7B260BC92773068900375DEB /* Roboto-Italic.ttf in Resources */,
				7B260BC72773068900375DEB /* Roboto-Light.ttf in Resources */,
			);
			runOnlyForDeploymentPostprocessing = 0;
		};
/* End PBXResourcesBuildPhase section */

/* Begin PBXSourcesBuildPhase section */
		7B260B9E2772EB7E00375DEB /* Sources */ = {
			isa = PBXSourcesBuildPhase;
			buildActionMask = 2147483647;
			files = (
				7B260BD12773196F00375DEB /* InfoView.swift in Sources */,
				7B260BA82772EB7E00375DEB /* ContentView.swift in Sources */,
				7B260BA62772EB7E00375DEB /* SwiftUIChallengeApp.swift in Sources */,
			);
			runOnlyForDeploymentPostprocessing = 0;
		};
/* End PBXSourcesBuildPhase section */

/* Begin XCBuildConfiguration section */
		7B260BAE2772EB8300375DEB /* Debug */ = {
			isa = XCBuildConfiguration;
			buildSettings = {
				ALWAYS_SEARCH_USER_PATHS = NO;
				CLANG_ANALYZER_NONNULL = YES;
				CLANG_ANALYZER_NUMBER_OBJECT_CONVERSION = YES_AGGRESSIVE;
				CLANG_CXX_LANGUAGE_STANDARD = "gnu++17";
				CLANG_CXX_LIBRARY = "libc++";
				CLANG_ENABLE_MODULES = YES;
				CLANG_ENABLE_OBJC_ARC = YES;
				CLANG_ENABLE_OBJC_WEAK = YES;
				CLANG_WARN_BLOCK_CAPTURE_AUTORELEASING = YES;
				CLANG_WARN_BOOL_CONVERSION = YES;
				CLANG_WARN_COMMA = YES;
				CLANG_WARN_CONSTANT_CONVERSION = YES;
				CLANG_WARN_DEPRECATED_OBJC_IMPLEMENTATIONS = YES;
				CLANG_WARN_DIRECT_OBJC_ISA_USAGE = YES_ERROR;
				CLANG_WARN_DOCUMENTATION_COMMENTS = YES;
				CLANG_WARN_EMPTY_BODY = YES;
				CLANG_WARN_ENUM_CONVERSION = YES;
				CLANG_WARN_INFINITE_RECURSION = YES;
				CLANG_WARN_INT_CONVERSION = YES;
				CLANG_WARN_NON_LITERAL_NULL_CONVERSION = YES;
				CLANG_WARN_OBJC_IMPLICIT_RETAIN_SELF = YES;
				CLANG_WARN_OBJC_LITERAL_CONVERSION = YES;
				CLANG_WARN_OBJC_ROOT_CLASS = YES_ERROR;
				CLANG_WARN_QUOTED_INCLUDE_IN_FRAMEWORK_HEADER = YES;
				CLANG_WARN_RANGE_LOOP_ANALYSIS = YES;
				CLANG_WARN_STRICT_PROTOTYPES = YES;
				CLANG_WARN_SUSPICIOUS_MOVE = YES;
				CLANG_WARN_UNGUARDED_AVAILABILITY = YES_AGGRESSIVE;
				CLANG_WARN_UNREACHABLE_CODE = YES;
				CLANG_WARN__DUPLICATE_METHOD_MATCH = YES;
				COPY_PHASE_STRIP = NO;
				DEBUG_INFORMATION_FORMAT = dwarf;
				ENABLE_STRICT_OBJC_MSGSEND = YES;
				ENABLE_TESTABILITY = YES;
				GCC_C_LANGUAGE_STANDARD = gnu11;
				GCC_DYNAMIC_NO_PIC = NO;
				GCC_NO_COMMON_BLOCKS = YES;
				GCC_OPTIMIZATION_LEVEL = 0;
				GCC_PREPROCESSOR_DEFINITIONS = (
					"DEBUG=1",
					"$(inherited)",
				);
				GCC_WARN_64_TO_32_BIT_CONVERSION = YES;
				GCC_WARN_ABOUT_RETURN_TYPE = YES_ERROR;
				GCC_WARN_UNDECLARED_SELECTOR = YES;
				GCC_WARN_UNINITIALIZED_AUTOS = YES_AGGRESSIVE;
				GCC_WARN_UNUSED_FUNCTION = YES;
				GCC_WARN_UNUSED_VARIABLE = YES;
				IPHONEOS_DEPLOYMENT_TARGET = 15.0;
				MTL_ENABLE_DEBUG_INFO = INCLUDE_SOURCE;
				MTL_FAST_MATH = YES;
				ONLY_ACTIVE_ARCH = YES;
				SDKROOT = iphoneos;
				SWIFT_ACTIVE_COMPILATION_CONDITIONS = DEBUG;
				SWIFT_OPTIMIZATION_LEVEL = "-Onone";
			};
			name = Debug;
		};
		7B260BAF2772EB8300375DEB /* Release */ = {
			isa = XCBuildConfiguration;
			buildSettings = {
				ALWAYS_SEARCH_USER_PATHS = NO;
				CLANG_ANALYZER_NONNULL = YES;
				CLANG_ANALYZER_NUMBER_OBJECT_CONVERSION = YES_AGGRESSIVE;
				CLANG_CXX_LANGUAGE_STANDARD = "gnu++17";
				CLANG_CXX_LIBRARY = "libc++";
				CLANG_ENABLE_MODULES = YES;
				CLANG_ENABLE_OBJC_ARC = YES;
				CLANG_ENABLE_OBJC_WEAK = YES;
				CLANG_WARN_BLOCK_CAPTURE_AUTORELEASING = YES;
				CLANG_WARN_BOOL_CONVERSION = YES;
				CLANG_WARN_COMMA = YES;
				CLANG_WARN_CONSTANT_CONVERSION = YES;
				CLANG_WARN_DEPRECATED_OBJC_IMPLEMENTATIONS = YES;
				CLANG_WARN_DIRECT_OBJC_ISA_USAGE = YES_ERROR;
				CLANG_WARN_DOCUMENTATION_COMMENTS = YES;
				CLANG_WARN_EMPTY_BODY = YES;
				CLANG_WARN_ENUM_CONVERSION = YES;
				CLANG_WARN_INFINITE_RECURSION = YES;
				CLANG_WARN_INT_CONVERSION = YES;
				CLANG_WARN_NON_LITERAL_NULL_CONVERSION = YES;
				CLANG_WARN_OBJC_IMPLICIT_RETAIN_SELF = YES;
				CLANG_WARN_OBJC_LITERAL_CONVERSION = YES;
				CLANG_WARN_OBJC_ROOT_CLASS = YES_ERROR;
				CLANG_WARN_QUOTED_INCLUDE_IN_FRAMEWORK_HEADER = YES;
				CLANG_WARN_RANGE_LOOP_ANALYSIS = YES;
				CLANG_WARN_STRICT_PROTOTYPES = YES;
				CLANG_WARN_SUSPICIOUS_MOVE = YES;
				CLANG_WARN_UNGUARDED_AVAILABILITY = YES_AGGRESSIVE;
				CLANG_WARN_UNREACHABLE_CODE = YES;
				CLANG_WARN__DUPLICATE_METHOD_MATCH = YES;
				COPY_PHASE_STRIP = NO;
				DEBUG_INFORMATION_FORMAT = "dwarf-with-dsym";
				ENABLE_NS_ASSERTIONS = NO;
				ENABLE_STRICT_OBJC_MSGSEND = YES;
				GCC_C_LANGUAGE_STANDARD = gnu11;
				GCC_NO_COMMON_BLOCKS = YES;
				GCC_WARN_64_TO_32_BIT_CONVERSION = YES;
				GCC_WARN_ABOUT_RETURN_TYPE = YES_ERROR;
				GCC_WARN_UNDECLARED_SELECTOR = YES;
				GCC_WARN_UNINITIALIZED_AUTOS = YES_AGGRESSIVE;
				GCC_WARN_UNUSED_FUNCTION = YES;
				GCC_WARN_UNUSED_VARIABLE = YES;
				IPHONEOS_DEPLOYMENT_TARGET = 15.0;
				MTL_ENABLE_DEBUG_INFO = NO;
				MTL_FAST_MATH = YES;
				SDKROOT = iphoneos;
				SWIFT_COMPILATION_MODE = wholemodule;
				SWIFT_OPTIMIZATION_LEVEL = "-O";
				VALIDATE_PRODUCT = YES;
			};
			name = Release;
		};
		7B260BB12772EB8300375DEB /* Debug */ = {
			isa = XCBuildConfiguration;
			buildSettings = {
				ASSETCATALOG_COMPILER_APPICON_NAME = AppIcon;
				ASSETCATALOG_COMPILER_GLOBAL_ACCENT_COLOR_NAME = AccentColor;
				CODE_SIGN_STYLE = Automatic;
				CURRENT_PROJECT_VERSION = 1;
				DEVELOPMENT_ASSET_PATHS = "\"SwiftUIChallenge/Preview Content\"";
				DEVELOPMENT_TEAM = 46WQ6W6QY7;
				ENABLE_PREVIEWS = YES;
				GENERATE_INFOPLIST_FILE = YES;
				INFOPLIST_FILE = SwiftUIChallenge/Info.plist;
				INFOPLIST_KEY_UIApplicationSceneManifest_Generation = YES;
				INFOPLIST_KEY_UIApplicationSupportsIndirectInputEvents = YES;
				INFOPLIST_KEY_UILaunchScreen_Generation = YES;
				INFOPLIST_KEY_UISupportedInterfaceOrientations_iPad = "UIInterfaceOrientationPortrait UIInterfaceOrientationPortraitUpsideDown UIInterfaceOrientationLandscapeLeft UIInterfaceOrientationLandscapeRight";
				INFOPLIST_KEY_UISupportedInterfaceOrientations_iPhone = "UIInterfaceOrientationPortrait UIInterfaceOrientationLandscapeLeft UIInterfaceOrientationLandscapeRight";
				IPHONEOS_DEPLOYMENT_TARGET = 14.0;
				LD_RUNPATH_SEARCH_PATHS = (
					"$(inherited)",
					"@executable_path/Frameworks",
				);
				MARKETING_VERSION = 1.0;
				PRODUCT_BUNDLE_IDENTIFIER = com.indian.SwiftUIChallenge;
				PRODUCT_NAME = "$(TARGET_NAME)";
				SWIFT_EMIT_LOC_STRINGS = YES;
				SWIFT_VERSION = 5.0;
				TARGETED_DEVICE_FAMILY = "1,2";
			};
			name = Debug;
		};
		7B260BB22772EB8300375DEB /* Release */ = {
			isa = XCBuildConfiguration;
			buildSettings = {
				ASSETCATALOG_COMPILER_APPICON_NAME = AppIcon;
				ASSETCATALOG_COMPILER_GLOBAL_ACCENT_COLOR_NAME = AccentColor;
				CODE_SIGN_STYLE = Automatic;
				CURRENT_PROJECT_VERSION = 1;
				DEVELOPMENT_ASSET_PATHS = "\"SwiftUIChallenge/Preview Content\"";
				DEVELOPMENT_TEAM = 46WQ6W6QY7;
				ENABLE_PREVIEWS = YES;
				GENERATE_INFOPLIST_FILE = YES;
				INFOPLIST_FILE = SwiftUIChallenge/Info.plist;
				INFOPLIST_KEY_UIApplicationSceneManifest_Generation = YES;
				INFOPLIST_KEY_UIApplicationSupportsIndirectInputEvents = YES;
				INFOPLIST_KEY_UILaunchScreen_Generation = YES;
				INFOPLIST_KEY_UISupportedInterfaceOrientations_iPad = "UIInterfaceOrientationPortrait UIInterfaceOrientationPortraitUpsideDown UIInterfaceOrientationLandscapeLeft UIInterfaceOrientationLandscapeRight";
				INFOPLIST_KEY_UISupportedInterfaceOrientations_iPhone = "UIInterfaceOrientationPortrait UIInterfaceOrientationLandscapeLeft UIInterfaceOrientationLandscapeRight";
				IPHONEOS_DEPLOYMENT_TARGET = 14.0;
				LD_RUNPATH_SEARCH_PATHS = (
					"$(inherited)",
					"@executable_path/Frameworks",
				);
				MARKETING_VERSION = 1.0;
				PRODUCT_BUNDLE_IDENTIFIER = com.indian.SwiftUIChallenge;
				PRODUCT_NAME = "$(TARGET_NAME)";
				SWIFT_EMIT_LOC_STRINGS = YES;
				SWIFT_VERSION = 5.0;
				TARGETED_DEVICE_FAMILY = "1,2";
			};
			name = Release;
		};
/* End XCBuildConfiguration section */

/* Begin XCConfigurationList section */
		7B260B9D2772EB7E00375DEB /* Build configuration list for PBXProject "SwiftUIChallenge" */ = {
			isa = XCConfigurationList;
			buildConfigurations = (
				7B260BAE2772EB8300375DEB /* Debug */,
				7B260BAF2772EB8300375DEB /* Release */,
			);
			defaultConfigurationIsVisible = 0;
			defaultConfigurationName = Release;
		};
		7B260BB02772EB8300375DEB /* Build configuration list for PBXNativeTarget "SwiftUIChallenge" */ = {
			isa = XCConfigurationList;
			buildConfigurations = (
				7B260BB12772EB8300375DEB /* Debug */,
				7B260BB22772EB8300375DEB /* Release */,
			);
			defaultConfigurationIsVisible = 0;
			defaultConfigurationName = Release;
		};
/* End XCConfigurationList section */
	};
	rootObject = 7B260B9A2772EB7E00375DEB /* Project object */;
}
